
Microsoft Visual Studio Solution File, Format Version 12.00
# Visual Studio Version 17
VisualStudioVersion = 17.0.31903.59
MinimumVisualStudioVersion = 10.0.40219.1
Project("{2150E333-8FDC-42A3-9474-1A3956D46DE8}") = "src", "src", "{90BBE409-23A4-422D-B701-4C5C1BECBCCC}"
EndProject
Project("{FAE04EC0-301F-11D3-BF4B-00C04F79EFBC}") = "GraphEngine", "src\GraphEngine\GraphEngine.csproj", "{8787530E-5D90-4E9C-A396-1212072CA282}"
EndProject
Project("{FAE04EC0-301F-11D3-BF4B-00C04F79EFBC}") = "Example", "src\Example\Example.csproj", "{38855769-636A-4BC5-BE4F-4161B4131ED0}"
EndProject
Project("{2150E333-8FDC-42A3-9474-1A3956D46DE8}") = "tests", "tests", "{CE642A4A-C9C4-4DFA-8FAF-764EBF6855C1}"
EndProject
Project("{FAE04EC0-301F-11D3-BF4B-00C04F79EFBC}") = "GraphEngine.Tests", "tests\GraphEngine.Tests\GraphEngine.Tests.csproj", "{DEDF349C-3F51-432A-9DC8-72542B2494FC}"
EndProject
Project("{FAE04EC0-301F-11D3-BF4B-00C04F79EFBC}") = "CvExtraction", "src\CvExtraction\CvExtraction.csproj", "{B6E5BCAD-ADAC-410D-9423-A32271DC4F2B}"
EndProject
Project("{FAE04EC0-301F-11D3-BF4B-00C04F79EFBC}") = "CvExtraction.Tests", "tests\CvExtraction.Tests\CvExtraction.Tests.csproj", "{346ACDC8-CFF4-4489-AD8B-5C9DDBE12995}"
EndProject
Project("{FAE04EC0-301F-11D3-BF4B-00C04F79EFBC}") = "Host", "src\Host\Host.csproj", "{2FD6A925-CDFD-41FF-BCE2-5BDC82858B8C}"
EndProject
Project("{FAE04EC0-301F-11D3-BF4B-00C04F79EFBC}") = "Host.Tests", "tests\Host.Tests\Host.Tests.csproj", "{B937FCA4-426A-460D-A1A6-EC9003831AD8}"
EndProject
Project("{FAE04EC0-301F-11D3-BF4B-00C04F79EFBC}") = "Discovery", "src\Discovery\Discovery.csproj", "{C8C20B7D-39C0-4FFD-8EA4-CB4580B8AE00}"
EndProject
Project("{FAE04EC0-301F-11D3-BF4B-00C04F79EFBC}") = "Discovery.Tests", "tests\Discovery.Tests\Discovery.Tests.csproj", "{56AD7BB1-DF72-4482-AE80-8B8024203B7C}"
EndProject
Project("{FAE04EC0-301F-11D3-BF4B-00C04F79EFBC}") = "JobPostings", "src\JobPostings\JobPostings.csproj", "{F031387E-A092-46AB-83CD-023E2C7579F4}"
EndProject
Project("{FAE04EC0-301F-11D3-BF4B-00C04F79EFBC}") = "JobPostings.Tests", "tests\JobPostings.Tests\JobPostings.Tests.csproj", "{D3AF5821-7BEC-4B97-B5BA-E68DAF8E1AA5}"
EndProject
Global
	GlobalSection(SolutionConfigurationPlatforms) = preSolution
		Debug|Any CPU = Debug|Any CPU
		Release|Any CPU = Release|Any CPU
	EndGlobalSection
	GlobalSection(SolutionProperties) = preSolution
		HideSolutionNode = FALSE
	EndGlobalSection
	GlobalSection(ProjectConfigurationPlatforms) = postSolution
		{8787530E-5D90-4E9C-A396-1212072CA282}.Debug|Any CPU.ActiveCfg = Debug|Any CPU
		{8787530E-5D90-4E9C-A396-1212072CA282}.Debug|Any CPU.Build.0 = Debug|Any CPU
		{8787530E-5D90-4E9C-A396-1212072CA282}.Release|Any CPU.ActiveCfg = Release|Any CPU
		{8787530E-5D90-4E9C-A396-1212072CA282}.Release|Any CPU.Build.0 = Release|Any CPU
		{38855769-636A-4BC5-BE4F-4161B4131ED0}.Debug|Any CPU.ActiveCfg = Debug|Any CPU
		{38855769-636A-4BC5-BE4F-4161B4131ED0}.Debug|Any CPU.Build.0 = Debug|Any CPU
		{38855769-636A-4BC5-BE4F-4161B4131ED0}.Release|Any CPU.ActiveCfg = Release|Any CPU
		{38855769-636A-4BC5-BE4F-4161B4131ED0}.Release|Any CPU.Build.0 = Release|Any CPU
		{DEDF349C-3F51-432A-9DC8-72542B2494FC}.Debug|Any CPU.ActiveCfg = Debug|Any CPU
		{DEDF349C-3F51-432A-9DC8-72542B2494FC}.Debug|Any CPU.Build.0 = Debug|Any CPU
		{DEDF349C-3F51-432A-9DC8-72542B2494FC}.Release|Any CPU.ActiveCfg = Release|Any CPU
		{DEDF349C-3F51-432A-9DC8-72542B2494FC}.Release|Any CPU.Build.0 = Release|Any CPU
		{B6E5BCAD-ADAC-410D-9423-A32271DC4F2B}.Debug|Any CPU.ActiveCfg = Debug|Any CPU
		{B6E5BCAD-ADAC-410D-9423-A32271DC4F2B}.Debug|Any CPU.Build.0 = Debug|Any CPU
		{B6E5BCAD-ADAC-410D-9423-A32271DC4F2B}.Release|Any CPU.ActiveCfg = Release|Any CPU
		{B6E5BCAD-ADAC-410D-9423-A32271DC4F2B}.Release|Any CPU.Build.0 = Release|Any CPU
		{346ACDC8-CFF4-4489-AD8B-5C9DDBE12995}.Debug|Any CPU.ActiveCfg = Debug|Any CPU
		{346ACDC8-CFF4-4489-AD8B-5C9DDBE12995}.Debug|Any CPU.Build.0 = Debug|Any CPU
		{346ACDC8-CFF4-4489-AD8B-5C9DDBE12995}.Release|Any CPU.ActiveCfg = Release|Any CPU
		{346ACDC8-CFF4-4489-AD8B-5C9DDBE12995}.Release|Any CPU.Build.0 = Release|Any CPU
		{2FD6A925-CDFD-41FF-BCE2-5BDC82858B8C}.Debug|Any CPU.ActiveCfg = Debug|Any CPU
		{2FD6A925-CDFD-41FF-BCE2-5BDC82858B8C}.Debug|Any CPU.Build.0 = Debug|Any CPU
		{2FD6A925-CDFD-41FF-BCE2-5BDC82858B8C}.Release|Any CPU.ActiveCfg = Release|Any CPU
		{2FD6A925-CDFD-41FF-BCE2-5BDC82858B8C}.Release|Any CPU.Build.0 = Release|Any CPU
		{B937FCA4-426A-460D-A1A6-EC9003831AD8}.Debug|Any CPU.ActiveCfg = Debug|Any CPU
		{B937FCA4-426A-460D-A1A6-EC9003831AD8}.Debug|Any CPU.Build.0 = Debug|Any CPU
		{B937FCA4-426A-460D-A1A6-EC9003831AD8}.Release|Any CPU.ActiveCfg = Release|Any CPU
		{B937FCA4-426A-460D-A1A6-EC9003831AD8}.Release|Any CPU.Build.0 = Release|Any CPU
		{C8C20B7D-39C0-4FFD-8EA4-CB4580B8AE00}.Debug|Any CPU.ActiveCfg = Debug|Any CPU
		{C8C20B7D-39C0-4FFD-8EA4-CB4580B8AE00}.Debug|Any CPU.Build.0 = Debug|Any CPU
		{C8C20B7D-39C0-4FFD-8EA4-CB4580B8AE00}.Release|Any CPU.ActiveCfg = Release|Any CPU
		{C8C20B7D-39C0-4FFD-8EA4-CB4580B8AE00}.Release|Any CPU.Build.0 = Release|Any CPU
		{56AD7BB1-DF72-4482-AE80-8B8024203B7C}.Debug|Any CPU.ActiveCfg = Debug|Any CPU
		{56AD7BB1-DF72-4482-AE80-8B8024203B7C}.Debug|Any CPU.Build.0 = Debug|Any CPU
		{56AD7BB1-DF72-4482-AE80-8B8024203B7C}.Release|Any CPU.ActiveCfg = Release|Any CPU
		{56AD7BB1-DF72-4482-AE80-8B8024203B7C}.Release|Any CPU.Build.0 = Release|Any CPU
		{F031387E-A092-46AB-83CD-023E2C7579F4}.Debug|Any CPU.ActiveCfg = Debug|Any CPU
		{F031387E-A092-46AB-83CD-023E2C7579F4}.Debug|Any CPU.Build.0 = Debug|Any CPU
		{F031387E-A092-46AB-83CD-023E2C7579F4}.Release|Any CPU.ActiveCfg = Release|Any CPU
		{F031387E-A092-46AB-83CD-023E2C7579F4}.Release|Any CPU.Build.0 = Release|Any CPU
		{D3AF5821-7BEC-4B97-B5BA-E68DAF8E1AA5}.Debug|Any CPU.ActiveCfg = Debug|Any CPU
		{D3AF5821-7BEC-4B97-B5BA-E68DAF8E1AA5}.Debug|Any CPU.Build.0 = Debug|Any CPU
		{D3AF5821-7BEC-4B97-B5BA-E68DAF8E1AA5}.Release|Any CPU.ActiveCfg = Release|Any CPU
		{D3AF5821-7BEC-4B97-B5BA-E68DAF8E1AA5}.Release|Any CPU.Build.0 = Release|Any CPU
	EndGlobalSection
	GlobalSection(NestedProjects) = preSolution
		{8787530E-5D90-4E9C-A396-1212072CA282} = {90BBE409-23A4-422D-B701-4C5C1BECBCCC}
		{38855769-636A-4BC5-BE4F-4161B4131ED0} = {90BBE409-23A4-422D-B701-4C5C1BECBCCC}
		{DEDF349C-3F51-432A-9DC8-72542B2494FC} = {CE642A4A-C9C4-4DFA-8FAF-764EBF6855C1}
		{B6E5BCAD-ADAC-410D-9423-A32271DC4F2B} = {90BBE409-23A4-422D-B701-4C5C1BECBCCC}
		{346ACDC8-CFF4-4489-AD8B-5C9DDBE12995} = {CE642A4A-C9C4-4DFA-8FAF-764EBF6855C1}
		{2FD6A925-CDFD-41FF-BCE2-5BDC82858B8C} = {90BBE409-23A4-422D-B701-4C5C1BECBCCC}
		{B937FCA4-426A-460D-A1A6-EC9003831AD8} = {CE642A4A-C9C4-4DFA-8FAF-764EBF6855C1}
		{C8C20B7D-39C0-4FFD-8EA4-CB4580B8AE00} = {90BBE409-23A4-422D-B701-4C5C1BECBCCC}
		{56AD7BB1-DF72-4482-AE80-8B8024203B7C} = {CE642A4A-C9C4-4DFA-8FAF-764EBF6855C1}
		{F031387E-A092-46AB-83CD-023E2C7579F4} = {90BBE409-23A4-422D-B701-4C5C1BECBCCC}
		{D3AF5821-7BEC-4B97-B5BA-E68DAF8E1AA5} = {CE642A4A-C9C4-4DFA-8FAF-764EBF6855C1}
	EndGlobalSection
EndGlobal
